// !$*UTF8*$!
{
	archiveVersion = 1;
	classes = {
	};
	objectVersion = 55;
	objects = {

/* Begin PBXBuildFile section */
		162163FFB6518EC3632F3366 /* Pods_Quotely.framework in Frameworks */ = {isa = PBXBuildFile; fileRef = 05474F971FBF3D667593F52F /* Pods_Quotely.framework */; };
		5C150F732737FE510093A59C /* empty.json in Resources */ = {isa = PBXBuildFile; fileRef = 5C150F722737FE510093A59C /* empty.json */; };
		5C19204A27369591008B9F0D /* SettingsViewController.swift in Sources */ = {isa = PBXBuildFile; fileRef = 5C19204927369591008B9F0D /* SettingsViewController.swift */; };
		5C19204C27369705008B9F0D /* SettingsTableViewCell.xib in Resources */ = {isa = PBXBuildFile; fileRef = 5C19204B27369705008B9F0D /* SettingsTableViewCell.xib */; };
		5C19204E27369710008B9F0D /* SettingsTableViewCell.swift in Sources */ = {isa = PBXBuildFile; fileRef = 5C19204D27369710008B9F0D /* SettingsTableViewCell.swift */; };
		5C2846E02727EEB400393562 /* ContentTextView.swift in Sources */ = {isa = PBXBuildFile; fileRef = 5C2846DF2727EEB400393562 /* ContentTextView.swift */; };
		5C2846E22727F0B200393562 /* UITextView+Extension.swift in Sources */ = {isa = PBXBuildFile; fileRef = 5C2846E12727F0B200393562 /* UITextView+Extension.swift */; };
		5C2846E427280EA600393562 /* JournalManager.swift in Sources */ = {isa = PBXBuildFile; fileRef = 5C2846E327280EA600393562 /* JournalManager.swift */; };
		5C2846E627280EE000393562 /* Journal.swift in Sources */ = {isa = PBXBuildFile; fileRef = 5C2846E527280EE000393562 /* Journal.swift */; };
		5C2846EA2728ED2C00393562 /* JournalListViewController.swift in Sources */ = {isa = PBXBuildFile; fileRef = 5C2846E92728ED2C00393562 /* JournalListViewController.swift */; };
		5C2846ED2728F4E500393562 /* JournalListTableViewCell.xib in Resources */ = {isa = PBXBuildFile; fileRef = 5C2846EC2728F4E500393562 /* JournalListTableViewCell.xib */; };
		5C2846EF2728F4F500393562 /* JournalListTableViewCell.swift in Sources */ = {isa = PBXBuildFile; fileRef = 5C2846EE2728F4F500393562 /* JournalListTableViewCell.swift */; };
		5C2846F12729248B00393562 /* UICollectionView+Extension.swift in Sources */ = {isa = PBXBuildFile; fileRef = 5C2846F02729248B00393562 /* UICollectionView+Extension.swift */; };
		5C2846F32729250900393562 /* JournalListCollectionViewCell.xib in Resources */ = {isa = PBXBuildFile; fileRef = 5C2846F22729250900393562 /* JournalListCollectionViewCell.xib */; };
		5C2846F52729251500393562 /* JournalListCollectionViewCell.swift in Sources */ = {isa = PBXBuildFile; fileRef = 5C2846F42729251500393562 /* JournalListCollectionViewCell.swift */; };
		5C2846F927297D0200393562 /* Animation.swift in Sources */ = {isa = PBXBuildFile; fileRef = 5C2846F827297D0200393562 /* Animation.swift */; };
		5C2846FB2729B2FA00393562 /* FavoriteCardViewController.swift in Sources */ = {isa = PBXBuildFile; fileRef = 5C2846FA2729B2FA00393562 /* FavoriteCardViewController.swift */; };
		5C2C72F9271D12E100F8B9EC /* AppDelegate.swift in Sources */ = {isa = PBXBuildFile; fileRef = 5C2C72F8271D12E100F8B9EC /* AppDelegate.swift */; };
		5C2C7300271D12E100F8B9EC /* Main.storyboard in Resources */ = {isa = PBXBuildFile; fileRef = 5C2C72FE271D12E100F8B9EC /* Main.storyboard */; };
		5C2C7302271D12E300F8B9EC /* Assets.xcassets in Resources */ = {isa = PBXBuildFile; fileRef = 5C2C7301271D12E300F8B9EC /* Assets.xcassets */; };
		5C2C7305271D12E300F8B9EC /* LaunchScreen.storyboard in Resources */ = {isa = PBXBuildFile; fileRef = 5C2C7303271D12E300F8B9EC /* LaunchScreen.storyboard */; };
		5C2C7316271D19AD00F8B9EC /* WriteViewController.swift in Sources */ = {isa = PBXBuildFile; fileRef = 5C2C7315271D19AD00F8B9EC /* WriteViewController.swift */; };
		5C2C7319271D1C6200F8B9EC /* UIStoryboard+Extension.swift in Sources */ = {isa = PBXBuildFile; fileRef = 5C2C7318271D1C6200F8B9EC /* UIStoryboard+Extension.swift */; };
		5C2C731B271D1DB200F8B9EC /* TabBarViewController.swift in Sources */ = {isa = PBXBuildFile; fileRef = 5C2C731A271D1DB200F8B9EC /* TabBarViewController.swift */; };
		5C2C731D271D37DD00F8B9EC /* UIImage+Extension.swift in Sources */ = {isa = PBXBuildFile; fileRef = 5C2C731C271D37DD00F8B9EC /* UIImage+Extension.swift */; };
		5C2C731F271D3D4B00F8B9EC /* Swipe.storyboard in Resources */ = {isa = PBXBuildFile; fileRef = 5C2C731E271D3D4B00F8B9EC /* Swipe.storyboard */; };
		5C2C7321271D3D5500F8B9EC /* Explore.storyboard in Resources */ = {isa = PBXBuildFile; fileRef = 5C2C7320271D3D5500F8B9EC /* Explore.storyboard */; };
		5C2C7323271D3D5C00F8B9EC /* Write.storyboard in Resources */ = {isa = PBXBuildFile; fileRef = 5C2C7322271D3D5C00F8B9EC /* Write.storyboard */; };
		5C2C7325271D3D6400F8B9EC /* Journal.storyboard in Resources */ = {isa = PBXBuildFile; fileRef = 5C2C7324271D3D6400F8B9EC /* Journal.storyboard */; };
		5C2C7327271D3D6E00F8B9EC /* Profile.storyboard in Resources */ = {isa = PBXBuildFile; fileRef = 5C2C7326271D3D6E00F8B9EC /* Profile.storyboard */; };
		5C4B968D271FA78C008B21C7 /* BaseDetailTableViewHeader.swift in Sources */ = {isa = PBXBuildFile; fileRef = 5C4B968C271FA78C008B21C7 /* BaseDetailTableViewHeader.swift */; };
		5C4B968F271FA795008B21C7 /* BaseDetailTableViewHeader.xib in Resources */ = {isa = PBXBuildFile; fileRef = 5C4B968E271FA795008B21C7 /* BaseDetailTableViewHeader.xib */; };
		5C4B9691271FBBA3008B21C7 /* UIColor+Extension.swift in Sources */ = {isa = PBXBuildFile; fileRef = 5C4B9690271FBBA3008B21C7 /* UIColor+Extension.swift */; };
		5C4B9693271FBCC1008B21C7 /* BaseDetailCommentCell.swift in Sources */ = {isa = PBXBuildFile; fileRef = 5C4B9692271FBCC1008B21C7 /* BaseDetailCommentCell.swift */; };
		5C4B9695271FBCCF008B21C7 /* BaseDetailCommentCell.xib in Resources */ = {isa = PBXBuildFile; fileRef = 5C4B9694271FBCCF008B21C7 /* BaseDetailCommentCell.xib */; };
		5C4B9697271FBF4C008B21C7 /* PostCommentManager.swift in Sources */ = {isa = PBXBuildFile; fileRef = 5C4B9696271FBF4C008B21C7 /* PostCommentManager.swift */; };
		5C4B9699271FC0D3008B21C7 /* Comment.swift in Sources */ = {isa = PBXBuildFile; fileRef = 5C4B9698271FC0D3008B21C7 /* Comment.swift */; };
		5C4B969B271FDCA4008B21C7 /* JGProgressHUD.swift in Sources */ = {isa = PBXBuildFile; fileRef = 5C4B969A271FDCA4008B21C7 /* JGProgressHUD.swift */; };
		5C4B969D2721575B008B21C7 /* CommentTextField.swift in Sources */ = {isa = PBXBuildFile; fileRef = 5C4B969C2721575B008B21C7 /* CommentTextField.swift */; };
		5C4B969F27216007008B21C7 /* ImageButton.swift in Sources */ = {isa = PBXBuildFile; fileRef = 5C4B969E27216007008B21C7 /* ImageButton.swift */; };
		5C5186C8273233E4007C5221 /* Auth.storyboard in Resources */ = {isa = PBXBuildFile; fileRef = 5C5186C7273233E4007C5221 /* Auth.storyboard */; };
		5C54F4D82732338500E62DBF /* AuthViewController.swift in Sources */ = {isa = PBXBuildFile; fileRef = 5C54F4D72732338500E62DBF /* AuthViewController.swift */; };
		5C5820FF271D6D80002E21C9 /* PostManager.swift in Sources */ = {isa = PBXBuildFile; fileRef = 5C5820FE271D6D80002E21C9 /* PostManager.swift */; };
		5C582101271D6FBE002E21C9 /* Post.swift in Sources */ = {isa = PBXBuildFile; fileRef = 5C582100271D6FBE002E21C9 /* Post.swift */; };
		5C582103271D71CC002E21C9 /* Date+Extension.swift in Sources */ = {isa = PBXBuildFile; fileRef = 5C582102271D71CC002E21C9 /* Date+Extension.swift */; };
		5C582105271D791B002E21C9 /* ExploreViewController.swift in Sources */ = {isa = PBXBuildFile; fileRef = 5C582104271D791A002E21C9 /* ExploreViewController.swift */; };
		5C582108271D79C9002E21C9 /* ExploreTableViewCell.swift in Sources */ = {isa = PBXBuildFile; fileRef = 5C582107271D79C9002E21C9 /* ExploreTableViewCell.swift */; };
		5C58210A271D79D4002E21C9 /* ExploreTableViewCell.xib in Resources */ = {isa = PBXBuildFile; fileRef = 5C582109271D79D4002E21C9 /* ExploreTableViewCell.xib */; };
		5C58210C271D8F7D002E21C9 /* UITableView+Extension.swift in Sources */ = {isa = PBXBuildFile; fileRef = 5C58210B271D8F7D002E21C9 /* UITableView+Extension.swift */; };
		5C582110271E8997002E21C9 /* VerticalButton.swift in Sources */ = {isa = PBXBuildFile; fileRef = 5C58210F271E8997002E21C9 /* VerticalButton.swift */; };
		5C5BD852272BD6BA008D5FEC /* BaseImagePickerViewController.swift in Sources */ = {isa = PBXBuildFile; fileRef = 5C5BD851272BD6BA008D5FEC /* BaseImagePickerViewController.swift */; };
		5C6CC7E527300D1A00B71DA8 /* ShareViewController.swift in Sources */ = {isa = PBXBuildFile; fileRef = 5C6CC7E427300D1A00B71DA8 /* ShareViewController.swift */; };
		5C6CC7E727300E3B00B71DA8 /* Share.storyboard in Resources */ = {isa = PBXBuildFile; fileRef = 5C6CC7E627300E3B00B71DA8 /* Share.storyboard */; };
		5C7B6395272A798700E18B96 /* UserManager.swift in Sources */ = {isa = PBXBuildFile; fileRef = 5C7B6394272A798700E18B96 /* UserManager.swift */; };
		5C7B6397272A799000E18B96 /* User.swift in Sources */ = {isa = PBXBuildFile; fileRef = 5C7B6396272A799000E18B96 /* User.swift */; };
		5C7B639A272A84F000E18B96 /* FavoriteCardTableViewCell.swift in Sources */ = {isa = PBXBuildFile; fileRef = 5C7B6399272A84F000E18B96 /* FavoriteCardTableViewCell.swift */; };
		5C7B639C272A854000E18B96 /* FavoriteCardTableViewCell.xib in Resources */ = {isa = PBXBuildFile; fileRef = 5C7B639B272A854000E18B96 /* FavoriteCardTableViewCell.xib */; };
		5C7CE5FE2732F444005D0D18 /* ProfileTableViewHeaderView.swift in Sources */ = {isa = PBXBuildFile; fileRef = 5C7CE5FD2732F444005D0D18 /* ProfileTableViewHeaderView.swift */; };
		5C8A04B62722911800289431 /* SceneDelegate.swift in Sources */ = {isa = PBXBuildFile; fileRef = 5C8A04B52722911800289431 /* SceneDelegate.swift */; };
		5C8C0E8D272425980054480A /* SwipeViewController.swift in Sources */ = {isa = PBXBuildFile; fileRef = 5C8C0E8C272425980054480A /* SwipeViewController.swift */; };
		5C8C0E8F2724261F0054480A /* UIViewController+Extension.swift in Sources */ = {isa = PBXBuildFile; fileRef = 5C8C0E8E2724261F0054480A /* UIViewController+Extension.swift */; };
		5C8C0E92272426550054480A /* SwipeCardView.swift in Sources */ = {isa = PBXBuildFile; fileRef = 5C8C0E91272426550054480A /* SwipeCardView.swift */; };
		5C8C0E9827246EB50054480A /* SwipeCardStack.swift in Sources */ = {isa = PBXBuildFile; fileRef = 5C8C0E9727246EB50054480A /* SwipeCardStack.swift */; };
		5C8C0E9A2725293E0054480A /* CardManager.swift in Sources */ = {isa = PBXBuildFile; fileRef = 5C8C0E992725293E0054480A /* CardManager.swift */; };
		5C8C0E9C272529650054480A /* Card.swift in Sources */ = {isa = PBXBuildFile; fileRef = 5C8C0E9B272529650054480A /* Card.swift */; };
		5C8C0EA12725A4B40054480A /* CardDetailViewController.swift in Sources */ = {isa = PBXBuildFile; fileRef = 5C8C0EA02725A4B40054480A /* CardDetailViewController.swift */; };
		5C8C0EA32725AD480054480A /* CardCommentManager.swift in Sources */ = {isa = PBXBuildFile; fileRef = 5C8C0EA22725AD480054480A /* CardCommentManager.swift */; };
		5C91FFC82737986700A216D4 /* LottieAnimation.swift in Sources */ = {isa = PBXBuildFile; fileRef = 5C91FFC72737986700A216D4 /* LottieAnimation.swift */; };
		5C91FFCA27379A3F00A216D4 /* loading.json in Resources */ = {isa = PBXBuildFile; fileRef = 5C91FFC927379A3F00A216D4 /* loading.json */; };
		5C91FFCC2737B78A00A216D4 /* UIApplication+Extension.swift in Sources */ = {isa = PBXBuildFile; fileRef = 5C91FFCB2737B78A00A216D4 /* UIApplication+Extension.swift */; };
		5C91FFCE2737B8D500A216D4 /* swipe.json in Resources */ = {isa = PBXBuildFile; fileRef = 5C91FFCD2737B8D500A216D4 /* swipe.json */; };
		5C9A15C7272280FD00A13CC7 /* DeleteButton.swift in Sources */ = {isa = PBXBuildFile; fileRef = 5C9A15C6272280FD00A13CC7 /* DeleteButton.swift */; };
		5CA65BF3271D46DD00B877FB /* UIView+Extension.swift in Sources */ = {isa = PBXBuildFile; fileRef = 5CA65BF2271D46DD00B877FB /* UIView+Extension.swift */; };
		5CA65BF8271D69A600B877FB /* GoogleService-Info.plist in Resources */ = {isa = PBXBuildFile; fileRef = 5CA65BF7271D69A600B877FB /* GoogleService-Info.plist */; };
		5CBB57712727AE6E0035EB87 /* SelectionView.swift in Sources */ = {isa = PBXBuildFile; fileRef = 5CBB57702727AE6E0035EB87 /* SelectionView.swift */; };
		5CC04ACB2727A38B00EC0D71 /* JournalViewController.swift in Sources */ = {isa = PBXBuildFile; fileRef = 5CC04ACA2727A38B00EC0D71 /* JournalViewController.swift */; };
		5CC40AE4272E94C300DF51D9 /* UINavigationItem+Extension.swift in Sources */ = {isa = PBXBuildFile; fileRef = 5CC40AE3272E94C300DF51D9 /* UINavigationItem+Extension.swift */; };
		5CC40AE6272E965A00DF51D9 /* BaseNavigaitonController.swift in Sources */ = {isa = PBXBuildFile; fileRef = 5CC40AE5272E965A00DF51D9 /* BaseNavigaitonController.swift */; };
		5CD1FAD52732793600F87B98 /* UIScreen+Extension.swift in Sources */ = {isa = PBXBuildFile; fileRef = 5CD1FAD42732793600F87B98 /* UIScreen+Extension.swift */; };
		5CD1FAD72732840F00F87B98 /* SignInManager.swift in Sources */ = {isa = PBXBuildFile; fileRef = 5CD1FAD62732840F00F87B98 /* SignInManager.swift */; };
		5CD765FA271EAE24008E8D00 /* ImageManager.swift in Sources */ = {isa = PBXBuildFile; fileRef = 5CD765F9271EAE24008E8D00 /* ImageManager.swift */; };
		5CD765FD271ECE33008E8D00 /* Kingfisher.swift in Sources */ = {isa = PBXBuildFile; fileRef = 5CD765FC271ECE33008E8D00 /* Kingfisher.swift */; };
		5CD765FF271F069E008E8D00 /* PostDetailViewController.swift in Sources */ = {isa = PBXBuildFile; fileRef = 5CD765FE271F069E008E8D00 /* PostDetailViewController.swift */; };
		5CD76601271F06B5008E8D00 /* BaseDetailViewController.swift in Sources */ = {isa = PBXBuildFile; fileRef = 5CD76600271F06B5008E8D00 /* BaseDetailViewController.swift */; };
		5CD9DDF0272D3394009618FA /* RowButton.swift in Sources */ = {isa = PBXBuildFile; fileRef = 5CD9DDEF272D3394009618FA /* RowButton.swift */; };
		5CE8F1D3272F77950026864C /* ProfileViewController.swift in Sources */ = {isa = PBXBuildFile; fileRef = 5CE8F1D2272F77950026864C /* ProfileViewController.swift */; };
		5CE8F1D5272F79210026864C /* ball.json in Resources */ = {isa = PBXBuildFile; fileRef = 5CE8F1D4272F79210026864C /* ball.json */; };
		5CE8F1D7272F7BD50026864C /* nothingFound.json in Resources */ = {isa = PBXBuildFile; fileRef = 5CE8F1D6272F7BD50026864C /* nothingFound.json */; };
		5CF36A142732C3B000F6B3BD /* ProfileTableViewCell.swift in Sources */ = {isa = PBXBuildFile; fileRef = 5CF36A132732C3B000F6B3BD /* ProfileTableViewCell.swift */; };
		5CF36A172732C3E400F6B3BD /* ProfileTableViewCell.xib in Resources */ = {isa = PBXBuildFile; fileRef = 5CF36A162732C3E400F6B3BD /* ProfileTableViewCell.xib */; };
		5CF36A192732EEB900F6B3BD /* ProfileTableViewHeaderView.xib in Resources */ = {isa = PBXBuildFile; fileRef = 5CF36A182732EEB900F6B3BD /* ProfileTableViewHeaderView.xib */; };
		5CF54D592730EF4100BAE9F6 /* ShareTemplateView.swift in Sources */ = {isa = PBXBuildFile; fileRef = 5CF54D582730EF4100BAE9F6 /* ShareTemplateView.swift */; };
/* End PBXBuildFile section */

/* Begin PBXFileReference section */
		05474F971FBF3D667593F52F /* Pods_Quotely.framework */ = {isa = PBXFileReference; explicitFileType = wrapper.framework; includeInIndex = 0; path = Pods_Quotely.framework; sourceTree = BUILT_PRODUCTS_DIR; };
		3763E90984B855FC8226C461 /* Pods-Quotely.debug.xcconfig */ = {isa = PBXFileReference; includeInIndex = 1; lastKnownFileType = text.xcconfig; name = "Pods-Quotely.debug.xcconfig"; path = "Target Support Files/Pods-Quotely/Pods-Quotely.debug.xcconfig"; sourceTree = "<group>"; };
		4D42660FC57C60DE17A5B7D4 /* Pods-Quotely.release.xcconfig */ = {isa = PBXFileReference; includeInIndex = 1; lastKnownFileType = text.xcconfig; name = "Pods-Quotely.release.xcconfig"; path = "Target Support Files/Pods-Quotely/Pods-Quotely.release.xcconfig"; sourceTree = "<group>"; };
		5C150F722737FE510093A59C /* empty.json */ = {isa = PBXFileReference; fileEncoding = 4; lastKnownFileType = text.json; path = empty.json; sourceTree = "<group>"; };
		5C19204927369591008B9F0D /* SettingsViewController.swift */ = {isa = PBXFileReference; lastKnownFileType = sourcecode.swift; path = SettingsViewController.swift; sourceTree = "<group>"; };
		5C19204B27369705008B9F0D /* SettingsTableViewCell.xib */ = {isa = PBXFileReference; lastKnownFileType = file.xib; path = SettingsTableViewCell.xib; sourceTree = "<group>"; };
		5C19204D27369710008B9F0D /* SettingsTableViewCell.swift */ = {isa = PBXFileReference; lastKnownFileType = sourcecode.swift; path = SettingsTableViewCell.swift; sourceTree = "<group>"; };
		5C2846DF2727EEB400393562 /* ContentTextView.swift */ = {isa = PBXFileReference; lastKnownFileType = sourcecode.swift; path = ContentTextView.swift; sourceTree = "<group>"; };
		5C2846E12727F0B200393562 /* UITextView+Extension.swift */ = {isa = PBXFileReference; lastKnownFileType = sourcecode.swift; path = "UITextView+Extension.swift"; sourceTree = "<group>"; };
		5C2846E327280EA600393562 /* JournalManager.swift */ = {isa = PBXFileReference; lastKnownFileType = sourcecode.swift; path = JournalManager.swift; sourceTree = "<group>"; };
		5C2846E527280EE000393562 /* Journal.swift */ = {isa = PBXFileReference; lastKnownFileType = sourcecode.swift; path = Journal.swift; sourceTree = "<group>"; };
		5C2846E92728ED2C00393562 /* JournalListViewController.swift */ = {isa = PBXFileReference; lastKnownFileType = sourcecode.swift; path = JournalListViewController.swift; sourceTree = "<group>"; };
		5C2846EC2728F4E500393562 /* JournalListTableViewCell.xib */ = {isa = PBXFileReference; lastKnownFileType = file.xib; path = JournalListTableViewCell.xib; sourceTree = "<group>"; };
		5C2846EE2728F4F500393562 /* JournalListTableViewCell.swift */ = {isa = PBXFileReference; lastKnownFileType = sourcecode.swift; path = JournalListTableViewCell.swift; sourceTree = "<group>"; };
		5C2846F02729248B00393562 /* UICollectionView+Extension.swift */ = {isa = PBXFileReference; lastKnownFileType = sourcecode.swift; path = "UICollectionView+Extension.swift"; sourceTree = "<group>"; };
		5C2846F22729250900393562 /* JournalListCollectionViewCell.xib */ = {isa = PBXFileReference; lastKnownFileType = file.xib; path = JournalListCollectionViewCell.xib; sourceTree = "<group>"; };
		5C2846F42729251500393562 /* JournalListCollectionViewCell.swift */ = {isa = PBXFileReference; lastKnownFileType = sourcecode.swift; path = JournalListCollectionViewCell.swift; sourceTree = "<group>"; };
		5C2846F827297D0200393562 /* Animation.swift */ = {isa = PBXFileReference; lastKnownFileType = sourcecode.swift; path = Animation.swift; sourceTree = "<group>"; };
		5C2846FA2729B2FA00393562 /* FavoriteCardViewController.swift */ = {isa = PBXFileReference; lastKnownFileType = sourcecode.swift; path = FavoriteCardViewController.swift; sourceTree = "<group>"; };
		5C2C72F5271D12E100F8B9EC /* Quotely.app */ = {isa = PBXFileReference; explicitFileType = wrapper.application; includeInIndex = 0; path = Quotely.app; sourceTree = BUILT_PRODUCTS_DIR; };
		5C2C72F8271D12E100F8B9EC /* AppDelegate.swift */ = {isa = PBXFileReference; lastKnownFileType = sourcecode.swift; path = AppDelegate.swift; sourceTree = "<group>"; };
		5C2C72FF271D12E100F8B9EC /* Base */ = {isa = PBXFileReference; lastKnownFileType = file.storyboard; name = Base; path = Base.lproj/Main.storyboard; sourceTree = "<group>"; };
		5C2C7301271D12E300F8B9EC /* Assets.xcassets */ = {isa = PBXFileReference; lastKnownFileType = folder.assetcatalog; path = Assets.xcassets; sourceTree = "<group>"; };
		5C2C7304271D12E300F8B9EC /* Base */ = {isa = PBXFileReference; lastKnownFileType = file.storyboard; name = Base; path = Base.lproj/LaunchScreen.storyboard; sourceTree = "<group>"; };
		5C2C7306271D12E300F8B9EC /* Info.plist */ = {isa = PBXFileReference; lastKnownFileType = text.plist.xml; path = Info.plist; sourceTree = "<group>"; };
		5C2C7315271D19AD00F8B9EC /* WriteViewController.swift */ = {isa = PBXFileReference; lastKnownFileType = sourcecode.swift; path = WriteViewController.swift; sourceTree = "<group>"; };
		5C2C7318271D1C6200F8B9EC /* UIStoryboard+Extension.swift */ = {isa = PBXFileReference; lastKnownFileType = sourcecode.swift; path = "UIStoryboard+Extension.swift"; sourceTree = "<group>"; };
		5C2C731A271D1DB200F8B9EC /* TabBarViewController.swift */ = {isa = PBXFileReference; lastKnownFileType = sourcecode.swift; path = TabBarViewController.swift; sourceTree = "<group>"; };
		5C2C731C271D37DD00F8B9EC /* UIImage+Extension.swift */ = {isa = PBXFileReference; lastKnownFileType = sourcecode.swift; path = "UIImage+Extension.swift"; sourceTree = "<group>"; };
		5C2C731E271D3D4B00F8B9EC /* Swipe.storyboard */ = {isa = PBXFileReference; lastKnownFileType = file.storyboard; path = Swipe.storyboard; sourceTree = "<group>"; };
		5C2C7320271D3D5500F8B9EC /* Explore.storyboard */ = {isa = PBXFileReference; lastKnownFileType = file.storyboard; path = Explore.storyboard; sourceTree = "<group>"; };
		5C2C7322271D3D5C00F8B9EC /* Write.storyboard */ = {isa = PBXFileReference; lastKnownFileType = file.storyboard; path = Write.storyboard; sourceTree = "<group>"; };
		5C2C7324271D3D6400F8B9EC /* Journal.storyboard */ = {isa = PBXFileReference; lastKnownFileType = file.storyboard; path = Journal.storyboard; sourceTree = "<group>"; };
		5C2C7326271D3D6E00F8B9EC /* Profile.storyboard */ = {isa = PBXFileReference; lastKnownFileType = file.storyboard; path = Profile.storyboard; sourceTree = "<group>"; };
		5C4B968C271FA78C008B21C7 /* BaseDetailTableViewHeader.swift */ = {isa = PBXFileReference; lastKnownFileType = sourcecode.swift; path = BaseDetailTableViewHeader.swift; sourceTree = "<group>"; };
		5C4B968E271FA795008B21C7 /* BaseDetailTableViewHeader.xib */ = {isa = PBXFileReference; lastKnownFileType = file.xib; path = BaseDetailTableViewHeader.xib; sourceTree = "<group>"; };
		5C4B9690271FBBA3008B21C7 /* UIColor+Extension.swift */ = {isa = PBXFileReference; fileEncoding = 4; lastKnownFileType = sourcecode.swift; path = "UIColor+Extension.swift"; sourceTree = "<group>"; };
		5C4B9692271FBCC1008B21C7 /* BaseDetailCommentCell.swift */ = {isa = PBXFileReference; lastKnownFileType = sourcecode.swift; path = BaseDetailCommentCell.swift; sourceTree = "<group>"; };
		5C4B9694271FBCCF008B21C7 /* BaseDetailCommentCell.xib */ = {isa = PBXFileReference; lastKnownFileType = file.xib; path = BaseDetailCommentCell.xib; sourceTree = "<group>"; };
		5C4B9696271FBF4C008B21C7 /* PostCommentManager.swift */ = {isa = PBXFileReference; lastKnownFileType = sourcecode.swift; path = PostCommentManager.swift; sourceTree = "<group>"; };
		5C4B9698271FC0D3008B21C7 /* Comment.swift */ = {isa = PBXFileReference; lastKnownFileType = sourcecode.swift; path = Comment.swift; sourceTree = "<group>"; };
		5C4B969A271FDCA4008B21C7 /* JGProgressHUD.swift */ = {isa = PBXFileReference; lastKnownFileType = sourcecode.swift; path = JGProgressHUD.swift; sourceTree = "<group>"; };
		5C4B969C2721575B008B21C7 /* CommentTextField.swift */ = {isa = PBXFileReference; lastKnownFileType = sourcecode.swift; path = CommentTextField.swift; sourceTree = "<group>"; };
		5C4B969E27216007008B21C7 /* ImageButton.swift */ = {isa = PBXFileReference; lastKnownFileType = sourcecode.swift; path = ImageButton.swift; sourceTree = "<group>"; };
		5C5186C7273233E4007C5221 /* Auth.storyboard */ = {isa = PBXFileReference; lastKnownFileType = file.storyboard; path = Auth.storyboard; sourceTree = "<group>"; };
		5C54F4D527322ABD00E62DBF /* Quotely.entitlements */ = {isa = PBXFileReference; lastKnownFileType = text.plist.entitlements; path = Quotely.entitlements; sourceTree = "<group>"; };
		5C54F4D72732338500E62DBF /* AuthViewController.swift */ = {isa = PBXFileReference; lastKnownFileType = sourcecode.swift; path = AuthViewController.swift; sourceTree = "<group>"; };
		5C5820FE271D6D80002E21C9 /* PostManager.swift */ = {isa = PBXFileReference; lastKnownFileType = sourcecode.swift; path = PostManager.swift; sourceTree = "<group>"; };
		5C582100271D6FBE002E21C9 /* Post.swift */ = {isa = PBXFileReference; lastKnownFileType = sourcecode.swift; path = Post.swift; sourceTree = "<group>"; };
		5C582102271D71CC002E21C9 /* Date+Extension.swift */ = {isa = PBXFileReference; lastKnownFileType = sourcecode.swift; path = "Date+Extension.swift"; sourceTree = "<group>"; };
		5C582104271D791A002E21C9 /* ExploreViewController.swift */ = {isa = PBXFileReference; lastKnownFileType = sourcecode.swift; path = ExploreViewController.swift; sourceTree = "<group>"; };
		5C582107271D79C9002E21C9 /* ExploreTableViewCell.swift */ = {isa = PBXFileReference; lastKnownFileType = sourcecode.swift; path = ExploreTableViewCell.swift; sourceTree = "<group>"; };
		5C582109271D79D4002E21C9 /* ExploreTableViewCell.xib */ = {isa = PBXFileReference; lastKnownFileType = file.xib; path = ExploreTableViewCell.xib; sourceTree = "<group>"; };
		5C58210B271D8F7D002E21C9 /* UITableView+Extension.swift */ = {isa = PBXFileReference; lastKnownFileType = sourcecode.swift; path = "UITableView+Extension.swift"; sourceTree = "<group>"; };
		5C58210F271E8997002E21C9 /* VerticalButton.swift */ = {isa = PBXFileReference; lastKnownFileType = sourcecode.swift; path = VerticalButton.swift; sourceTree = "<group>"; };
		5C5BD851272BD6BA008D5FEC /* BaseImagePickerViewController.swift */ = {isa = PBXFileReference; lastKnownFileType = sourcecode.swift; path = BaseImagePickerViewController.swift; sourceTree = "<group>"; };
		5C6CC7E427300D1A00B71DA8 /* ShareViewController.swift */ = {isa = PBXFileReference; lastKnownFileType = sourcecode.swift; path = ShareViewController.swift; sourceTree = "<group>"; };
		5C6CC7E627300E3B00B71DA8 /* Share.storyboard */ = {isa = PBXFileReference; lastKnownFileType = file.storyboard; path = Share.storyboard; sourceTree = "<group>"; };
		5C7B6394272A798700E18B96 /* UserManager.swift */ = {isa = PBXFileReference; lastKnownFileType = sourcecode.swift; path = UserManager.swift; sourceTree = "<group>"; };
		5C7B6396272A799000E18B96 /* User.swift */ = {isa = PBXFileReference; lastKnownFileType = sourcecode.swift; path = User.swift; sourceTree = "<group>"; };
		5C7B6399272A84F000E18B96 /* FavoriteCardTableViewCell.swift */ = {isa = PBXFileReference; lastKnownFileType = sourcecode.swift; path = FavoriteCardTableViewCell.swift; sourceTree = "<group>"; };
		5C7B639B272A854000E18B96 /* FavoriteCardTableViewCell.xib */ = {isa = PBXFileReference; lastKnownFileType = file.xib; path = FavoriteCardTableViewCell.xib; sourceTree = "<group>"; };
		5C7CE5FD2732F444005D0D18 /* ProfileTableViewHeaderView.swift */ = {isa = PBXFileReference; lastKnownFileType = sourcecode.swift; path = ProfileTableViewHeaderView.swift; sourceTree = "<group>"; };
		5C8A04B52722911800289431 /* SceneDelegate.swift */ = {isa = PBXFileReference; lastKnownFileType = sourcecode.swift; path = SceneDelegate.swift; sourceTree = "<group>"; };
		5C8C0E8C272425980054480A /* SwipeViewController.swift */ = {isa = PBXFileReference; lastKnownFileType = sourcecode.swift; path = SwipeViewController.swift; sourceTree = "<group>"; };
		5C8C0E8E2724261F0054480A /* UIViewController+Extension.swift */ = {isa = PBXFileReference; lastKnownFileType = sourcecode.swift; path = "UIViewController+Extension.swift"; sourceTree = "<group>"; };
		5C8C0E91272426550054480A /* SwipeCardView.swift */ = {isa = PBXFileReference; lastKnownFileType = sourcecode.swift; path = SwipeCardView.swift; sourceTree = "<group>"; };
		5C8C0E9727246EB50054480A /* SwipeCardStack.swift */ = {isa = PBXFileReference; lastKnownFileType = sourcecode.swift; path = SwipeCardStack.swift; sourceTree = "<group>"; };
		5C8C0E992725293E0054480A /* CardManager.swift */ = {isa = PBXFileReference; lastKnownFileType = sourcecode.swift; path = CardManager.swift; sourceTree = "<group>"; };
		5C8C0E9B272529650054480A /* Card.swift */ = {isa = PBXFileReference; lastKnownFileType = sourcecode.swift; path = Card.swift; sourceTree = "<group>"; };
		5C8C0EA02725A4B40054480A /* CardDetailViewController.swift */ = {isa = PBXFileReference; lastKnownFileType = sourcecode.swift; path = CardDetailViewController.swift; sourceTree = "<group>"; };
		5C8C0EA22725AD480054480A /* CardCommentManager.swift */ = {isa = PBXFileReference; lastKnownFileType = sourcecode.swift; path = CardCommentManager.swift; sourceTree = "<group>"; };
		5C91FFC72737986700A216D4 /* LottieAnimation.swift */ = {isa = PBXFileReference; lastKnownFileType = sourcecode.swift; path = LottieAnimation.swift; sourceTree = "<group>"; };
		5C91FFC927379A3F00A216D4 /* loading.json */ = {isa = PBXFileReference; fileEncoding = 4; lastKnownFileType = text.json; path = loading.json; sourceTree = "<group>"; };
		5C91FFCB2737B78A00A216D4 /* UIApplication+Extension.swift */ = {isa = PBXFileReference; lastKnownFileType = sourcecode.swift; path = "UIApplication+Extension.swift"; sourceTree = "<group>"; };
		5C91FFCD2737B8D500A216D4 /* swipe.json */ = {isa = PBXFileReference; fileEncoding = 4; lastKnownFileType = text.json; path = swipe.json; sourceTree = "<group>"; };
		5C9A15C6272280FD00A13CC7 /* DeleteButton.swift */ = {isa = PBXFileReference; lastKnownFileType = sourcecode.swift; path = DeleteButton.swift; sourceTree = "<group>"; };
		5CA65BF2271D46DD00B877FB /* UIView+Extension.swift */ = {isa = PBXFileReference; lastKnownFileType = sourcecode.swift; path = "UIView+Extension.swift"; sourceTree = "<group>"; };
		5CA65BF7271D69A600B877FB /* GoogleService-Info.plist */ = {isa = PBXFileReference; fileEncoding = 4; lastKnownFileType = text.plist.xml; path = "GoogleService-Info.plist"; sourceTree = "<group>"; };
		5CBB57702727AE6E0035EB87 /* SelectionView.swift */ = {isa = PBXFileReference; lastKnownFileType = sourcecode.swift; path = SelectionView.swift; sourceTree = "<group>"; };
		5CC04ACA2727A38B00EC0D71 /* JournalViewController.swift */ = {isa = PBXFileReference; lastKnownFileType = sourcecode.swift; path = JournalViewController.swift; sourceTree = "<group>"; };
		5CC40AE3272E94C300DF51D9 /* UINavigationItem+Extension.swift */ = {isa = PBXFileReference; lastKnownFileType = sourcecode.swift; path = "UINavigationItem+Extension.swift"; sourceTree = "<group>"; };
		5CC40AE5272E965A00DF51D9 /* BaseNavigaitonController.swift */ = {isa = PBXFileReference; lastKnownFileType = sourcecode.swift; path = BaseNavigaitonController.swift; sourceTree = "<group>"; };
		5CD1FAD42732793600F87B98 /* UIScreen+Extension.swift */ = {isa = PBXFileReference; lastKnownFileType = sourcecode.swift; path = "UIScreen+Extension.swift"; sourceTree = "<group>"; };
		5CD1FAD62732840F00F87B98 /* SignInManager.swift */ = {isa = PBXFileReference; lastKnownFileType = sourcecode.swift; path = SignInManager.swift; sourceTree = "<group>"; };
		5CD765F9271EAE24008E8D00 /* ImageManager.swift */ = {isa = PBXFileReference; lastKnownFileType = sourcecode.swift; path = ImageManager.swift; sourceTree = "<group>"; };
		5CD765FC271ECE33008E8D00 /* Kingfisher.swift */ = {isa = PBXFileReference; lastKnownFileType = sourcecode.swift; path = Kingfisher.swift; sourceTree = "<group>"; };
		5CD765FE271F069E008E8D00 /* PostDetailViewController.swift */ = {isa = PBXFileReference; lastKnownFileType = sourcecode.swift; path = PostDetailViewController.swift; sourceTree = "<group>"; };
		5CD76600271F06B5008E8D00 /* BaseDetailViewController.swift */ = {isa = PBXFileReference; lastKnownFileType = sourcecode.swift; path = BaseDetailViewController.swift; sourceTree = "<group>"; };
		5CD9DDEF272D3394009618FA /* RowButton.swift */ = {isa = PBXFileReference; lastKnownFileType = sourcecode.swift; path = RowButton.swift; sourceTree = "<group>"; };
		5CE8F1D2272F77950026864C /* ProfileViewController.swift */ = {isa = PBXFileReference; lastKnownFileType = sourcecode.swift; path = ProfileViewController.swift; sourceTree = "<group>"; };
		5CE8F1D4272F79210026864C /* ball.json */ = {isa = PBXFileReference; fileEncoding = 4; lastKnownFileType = text.json; path = ball.json; sourceTree = "<group>"; };
		5CE8F1D6272F7BD50026864C /* nothingFound.json */ = {isa = PBXFileReference; fileEncoding = 4; lastKnownFileType = text.json; path = nothingFound.json; sourceTree = "<group>"; };
		5CF36A132732C3B000F6B3BD /* ProfileTableViewCell.swift */ = {isa = PBXFileReference; lastKnownFileType = sourcecode.swift; path = ProfileTableViewCell.swift; sourceTree = "<group>"; };
		5CF36A162732C3E400F6B3BD /* ProfileTableViewCell.xib */ = {isa = PBXFileReference; lastKnownFileType = file.xib; path = ProfileTableViewCell.xib; sourceTree = "<group>"; };
		5CF36A182732EEB900F6B3BD /* ProfileTableViewHeaderView.xib */ = {isa = PBXFileReference; lastKnownFileType = file.xib; path = ProfileTableViewHeaderView.xib; sourceTree = "<group>"; };
		5CF54D582730EF4100BAE9F6 /* ShareTemplateView.swift */ = {isa = PBXFileReference; lastKnownFileType = sourcecode.swift; path = ShareTemplateView.swift; sourceTree = "<group>"; };
/* End PBXFileReference section */

/* Begin PBXFrameworksBuildPhase section */
		5C2C72F2271D12E100F8B9EC /* Frameworks */ = {
			isa = PBXFrameworksBuildPhase;
			buildActionMask = 2147483647;
			files = (
				162163FFB6518EC3632F3366 /* Pods_Quotely.framework in Frameworks */,
			);
			runOnlyForDeploymentPostprocessing = 0;
		};
/* End PBXFrameworksBuildPhase section */

/* Begin PBXGroup section */
		5021B01E70D8ECD3D96001EF /* Frameworks */ = {
			isa = PBXGroup;
			children = (
				05474F971FBF3D667593F52F /* Pods_Quotely.framework */,
			);
			name = Frameworks;
			sourceTree = "<group>";
		};
		5C2846E72728E92500393562 /* Journal */ = {
			isa = PBXGroup;
			children = (
				5CC04ACA2727A38B00EC0D71 /* JournalViewController.swift */,
				5C2846E92728ED2C00393562 /* JournalListViewController.swift */,
			);
			path = Journal;
			sourceTree = "<group>";
		};
		5C2846EB2728F4BA00393562 /* Journal */ = {
			isa = PBXGroup;
			children = (
				5C2C7324271D3D6400F8B9EC /* Journal.storyboard */,
				5C2846EE2728F4F500393562 /* JournalListTableViewCell.swift */,
				5C2846EC2728F4E500393562 /* JournalListTableViewCell.xib */,
				5C2846F42729251500393562 /* JournalListCollectionViewCell.swift */,
				5C2846F22729250900393562 /* JournalListCollectionViewCell.xib */,
			);
			path = Journal;
			sourceTree = "<group>";
		};
		5C2C72EC271D12E100F8B9EC = {
			isa = PBXGroup;
			children = (
				5C2C72F7271D12E100F8B9EC /* Quotely */,
				5C2C72F6271D12E100F8B9EC /* Products */,
				81480211F51DEE3E19D91963 /* Pods */,
				5021B01E70D8ECD3D96001EF /* Frameworks */,
			);
			sourceTree = "<group>";
		};
		5C2C72F6271D12E100F8B9EC /* Products */ = {
			isa = PBXGroup;
			children = (
				5C2C72F5271D12E100F8B9EC /* Quotely.app */,
			);
			name = Products;
			sourceTree = "<group>";
		};
		5C2C72F7271D12E100F8B9EC /* Quotely */ = {
			isa = PBXGroup;
			children = (
				5C54F4D527322ABD00E62DBF /* Quotely.entitlements */,
				5C2846F827297D0200393562 /* Animation.swift */,
				5CD765FB271ECE08008E8D00 /* ThirdPartyWrapper */,
				5C2C7317271D1C4E00F8B9EC /* Extension */,
				5C2C730E271D17A100F8B9EC /* Model */,
				5C2C730F271D17A800F8B9EC /* Controller */,
				5C2C7310271D17B800F8B9EC /* View */,
				5C2C72F8271D12E100F8B9EC /* AppDelegate.swift */,
				5C8A04B52722911800289431 /* SceneDelegate.swift */,
				5C8C0E93272436380054480A /* Resource */,
				5C2C7303271D12E300F8B9EC /* LaunchScreen.storyboard */,
				5CA65BF7271D69A600B877FB /* GoogleService-Info.plist */,
				5C2C7306271D12E300F8B9EC /* Info.plist */,
			);
			path = Quotely;
			sourceTree = "<group>";
		};
		5C2C730E271D17A100F8B9EC /* Model */ = {
			isa = PBXGroup;
			children = (
				5C2846E527280EE000393562 /* Journal.swift */,
				5C8C0E9B272529650054480A /* Card.swift */,
				5C582100271D6FBE002E21C9 /* Post.swift */,
				5C4B9698271FC0D3008B21C7 /* Comment.swift */,
				5C7B6396272A799000E18B96 /* User.swift */,
				5C2846E327280EA600393562 /* JournalManager.swift */,
				5C8C0E992725293E0054480A /* CardManager.swift */,
				5C5820FE271D6D80002E21C9 /* PostManager.swift */,
				5CD765F9271EAE24008E8D00 /* ImageManager.swift */,
				5C7B6394272A798700E18B96 /* UserManager.swift */,
				5C4B9696271FBF4C008B21C7 /* PostCommentManager.swift */,
				5C8C0EA22725AD480054480A /* CardCommentManager.swift */,
				5CD1FAD62732840F00F87B98 /* SignInManager.swift */,
			);
			path = Model;
			sourceTree = "<group>";
		};
		5C2C730F271D17A800F8B9EC /* Controller */ = {
			isa = PBXGroup;
			children = (
				5C2C731A271D1DB200F8B9EC /* TabBarViewController.swift */,
				5C4B9684271FA70C008B21C7 /* Base */,
				5C54F4D62732337500E62DBF /* Auth */,
				5C2846E72728E92500393562 /* Journal */,
				5C8C0E9F2725A4A20054480A /* Swipe */,
				5CA65BF4271D4E5F00B877FB /* Write */,
				5C4B9683271FA700008B21C7 /* Explore */,
				5CE8F1D1272F77840026864C /* Profile */,
				5C6CC7EA27301AAE00B71DA8 /* Share */,
			);
			path = Controller;
			sourceTree = "<group>";
		};
		5C2C7310271D17B800F8B9EC /* View */ = {
			isa = PBXGroup;
			children = (
				5C8C0E91272426550054480A /* SwipeCardView.swift */,
				5C8C0E9727246EB50054480A /* SwipeCardStack.swift */,
				5C4B969E27216007008B21C7 /* ImageButton.swift */,
				5C9A15C6272280FD00A13CC7 /* DeleteButton.swift */,
				5C4B969C2721575B008B21C7 /* CommentTextField.swift */,
				5CBB57702727AE6E0035EB87 /* SelectionView.swift */,
				5C2846DF2727EEB400393562 /* ContentTextView.swift */,
				5CD9DDEF272D3394009618FA /* RowButton.swift */,
				5CF54D582730EF4100BAE9F6 /* ShareTemplateView.swift */,
				5C2C72FE271D12E100F8B9EC /* Main.storyboard */,
				5C4B968B271FA75E008B21C7 /* Base */,
				5C2846EB2728F4BA00393562 /* Journal */,
				5C7B6398272A84D500E18B96 /* Swipe */,
				5C4B9685271FA724008B21C7 /* Write */,
				5C582106271D79B5002E21C9 /* Explore */,
				5CF36A152732C3BC00F6B3BD /* Profile */,
				5C6CC7E327300CF800B71DA8 /* Share */,
				5C5186C7273233E4007C5221 /* Auth.storyboard */,
				5C58210F271E8997002E21C9 /* VerticalButton.swift */,
			);
			path = View;
			sourceTree = "<group>";
		};
		5C2C7317271D1C4E00F8B9EC /* Extension */ = {
			isa = PBXGroup;
			children = (
				5C582102271D71CC002E21C9 /* Date+Extension.swift */,
				5C2C7318271D1C6200F8B9EC /* UIStoryboard+Extension.swift */,
				5C2C731C271D37DD00F8B9EC /* UIImage+Extension.swift */,
				5CA65BF2271D46DD00B877FB /* UIView+Extension.swift */,
				5C4B9690271FBBA3008B21C7 /* UIColor+Extension.swift */,
				5C8C0E8E2724261F0054480A /* UIViewController+Extension.swift */,
				5C2846E12727F0B200393562 /* UITextView+Extension.swift */,
				5C58210B271D8F7D002E21C9 /* UITableView+Extension.swift */,
				5C2846F02729248B00393562 /* UICollectionView+Extension.swift */,
				5CC40AE3272E94C300DF51D9 /* UINavigationItem+Extension.swift */,
				5CD1FAD42732793600F87B98 /* UIScreen+Extension.swift */,
				5C91FFCB2737B78A00A216D4 /* UIApplication+Extension.swift */,
			);
			path = Extension;
			sourceTree = "<group>";
		};
		5C4B9683271FA700008B21C7 /* Explore */ = {
			isa = PBXGroup;
			children = (
				5C582104271D791A002E21C9 /* ExploreViewController.swift */,
				5CD765FE271F069E008E8D00 /* PostDetailViewController.swift */,
			);
			path = Explore;
			sourceTree = "<group>";
		};
		5C4B9684271FA70C008B21C7 /* Base */ = {
			isa = PBXGroup;
			children = (
				5CD76600271F06B5008E8D00 /* BaseDetailViewController.swift */,
				5C5BD851272BD6BA008D5FEC /* BaseImagePickerViewController.swift */,
				5CC40AE5272E965A00DF51D9 /* BaseNavigaitonController.swift */,
			);
			path = Base;
			sourceTree = "<group>";
		};
		5C4B9685271FA724008B21C7 /* Write */ = {
			isa = PBXGroup;
			children = (
				5C2C7322271D3D5C00F8B9EC /* Write.storyboard */,
			);
			path = Write;
			sourceTree = "<group>";
		};
		5C4B968B271FA75E008B21C7 /* Base */ = {
			isa = PBXGroup;
			children = (
				5C4B968C271FA78C008B21C7 /* BaseDetailTableViewHeader.swift */,
				5C4B968E271FA795008B21C7 /* BaseDetailTableViewHeader.xib */,
				5C4B9692271FBCC1008B21C7 /* BaseDetailCommentCell.swift */,
				5C4B9694271FBCCF008B21C7 /* BaseDetailCommentCell.xib */,
			);
			path = Base;
			sourceTree = "<group>";
		};
		5C54F4D62732337500E62DBF /* Auth */ = {
			isa = PBXGroup;
			children = (
				5C54F4D72732338500E62DBF /* AuthViewController.swift */,
			);
			path = Auth;
			sourceTree = "<group>";
		};
		5C582106271D79B5002E21C9 /* Explore */ = {
			isa = PBXGroup;
			children = (
				5C2C7320271D3D5500F8B9EC /* Explore.storyboard */,
				5C582107271D79C9002E21C9 /* ExploreTableViewCell.swift */,
				5C582109271D79D4002E21C9 /* ExploreTableViewCell.xib */,
			);
			path = Explore;
			sourceTree = "<group>";
		};
		5C6CC7E327300CF800B71DA8 /* Share */ = {
			isa = PBXGroup;
			children = (
				5C6CC7E627300E3B00B71DA8 /* Share.storyboard */,
			);
			path = Share;
			sourceTree = "<group>";
		};
		5C6CC7EA27301AAE00B71DA8 /* Share */ = {
			isa = PBXGroup;
			children = (
				5C6CC7E427300D1A00B71DA8 /* ShareViewController.swift */,
			);
			path = Share;
			sourceTree = "<group>";
		};
		5C7B6398272A84D500E18B96 /* Swipe */ = {
			isa = PBXGroup;
			children = (
				5C2C731E271D3D4B00F8B9EC /* Swipe.storyboard */,
				5C7B6399272A84F000E18B96 /* FavoriteCardTableViewCell.swift */,
				5C7B639B272A854000E18B96 /* FavoriteCardTableViewCell.xib */,
			);
			path = Swipe;
			sourceTree = "<group>";
		};
		5C8C0E93272436380054480A /* Resource */ = {
			isa = PBXGroup;
			children = (
				5C150F722737FE510093A59C /* empty.json */,
				5C91FFCD2737B8D500A216D4 /* swipe.json */,
				5C91FFC927379A3F00A216D4 /* loading.json */,
				5CE8F1D4272F79210026864C /* ball.json */,
				5CE8F1D6272F7BD50026864C /* nothingFound.json */,
				5C2C7301271D12E300F8B9EC /* Assets.xcassets */,
			);
			path = Resource;
			sourceTree = "<group>";
		};
		5C8C0E9F2725A4A20054480A /* Swipe */ = {
			isa = PBXGroup;
			children = (
				5C8C0E8C272425980054480A /* SwipeViewController.swift */,
				5C8C0EA02725A4B40054480A /* CardDetailViewController.swift */,
				5C2846FA2729B2FA00393562 /* FavoriteCardViewController.swift */,
			);
			path = Swipe;
			sourceTree = "<group>";
		};
		5CA65BF4271D4E5F00B877FB /* Write */ = {
			isa = PBXGroup;
			children = (
				5C2C7315271D19AD00F8B9EC /* WriteViewController.swift */,
			);
			path = Write;
			sourceTree = "<group>";
		};
		5CD765FB271ECE08008E8D00 /* ThirdPartyWrapper */ = {
			isa = PBXGroup;
			children = (
				5CD765FC271ECE33008E8D00 /* Kingfisher.swift */,
				5C4B969A271FDCA4008B21C7 /* JGProgressHUD.swift */,
				5C91FFC72737986700A216D4 /* LottieAnimation.swift */,
			);
			path = ThirdPartyWrapper;
			sourceTree = "<group>";
		};
		5CE8F1D1272F77840026864C /* Profile */ = {
			isa = PBXGroup;
			children = (
				5CE8F1D2272F77950026864C /* ProfileViewController.swift */,
				5C19204927369591008B9F0D /* SettingsViewController.swift */,
			);
			path = Profile;
			sourceTree = "<group>";
		};
		5CF36A152732C3BC00F6B3BD /* Profile */ = {
			isa = PBXGroup;
			children = (
				5C2C7326271D3D6E00F8B9EC /* Profile.storyboard */,
				5C7CE5FD2732F444005D0D18 /* ProfileTableViewHeaderView.swift */,
				5CF36A182732EEB900F6B3BD /* ProfileTableViewHeaderView.xib */,
				5CF36A132732C3B000F6B3BD /* ProfileTableViewCell.swift */,
				5CF36A162732C3E400F6B3BD /* ProfileTableViewCell.xib */,
				5C19204D27369710008B9F0D /* SettingsTableViewCell.swift */,
				5C19204B27369705008B9F0D /* SettingsTableViewCell.xib */,
			);
			path = Profile;
			sourceTree = "<group>";
		};
		81480211F51DEE3E19D91963 /* Pods */ = {
			isa = PBXGroup;
			children = (
				3763E90984B855FC8226C461 /* Pods-Quotely.debug.xcconfig */,
				4D42660FC57C60DE17A5B7D4 /* Pods-Quotely.release.xcconfig */,
			);
			path = Pods;
			sourceTree = "<group>";
		};
/* End PBXGroup section */

/* Begin PBXNativeTarget section */
		5C2C72F4271D12E100F8B9EC /* Quotely */ = {
			isa = PBXNativeTarget;
			buildConfigurationList = 5C2C7309271D12E300F8B9EC /* Build configuration list for PBXNativeTarget "Quotely" */;
			buildPhases = (
				1A9109046A626146A71F1803 /* [CP] Check Pods Manifest.lock */,
				5C2C72F1271D12E100F8B9EC /* Sources */,
				5C2C72F2271D12E100F8B9EC /* Frameworks */,
				5C2C72F3271D12E100F8B9EC /* Resources */,
				5C2C730D271D16AF00F8B9EC /* ShellScript */,
				CF8FDF50BC0AEDD1ED86B0E5 /* [CP] Embed Pods Frameworks */,
			);
			buildRules = (
			);
			dependencies = (
			);
			name = Quotely;
			productName = Quotely;
			productReference = 5C2C72F5271D12E100F8B9EC /* Quotely.app */;
			productType = "com.apple.product-type.application";
		};
/* End PBXNativeTarget section */

/* Begin PBXProject section */
		5C2C72ED271D12E100F8B9EC /* Project object */ = {
			isa = PBXProject;
			attributes = {
				BuildIndependentTargetsInParallel = 1;
				LastSwiftUpdateCheck = 1300;
				LastUpgradeCheck = 1300;
				TargetAttributes = {
					5C2C72F4271D12E100F8B9EC = {
						CreatedOnToolsVersion = 13.0;
					};
				};
			};
			buildConfigurationList = 5C2C72F0271D12E100F8B9EC /* Build configuration list for PBXProject "Quotely" */;
			compatibilityVersion = "Xcode 13.0";
			developmentRegion = en;
			hasScannedForEncodings = 0;
			knownRegions = (
				en,
				Base,
			);
			mainGroup = 5C2C72EC271D12E100F8B9EC;
			productRefGroup = 5C2C72F6271D12E100F8B9EC /* Products */;
			projectDirPath = "";
			projectRoot = "";
			targets = (
				5C2C72F4271D12E100F8B9EC /* Quotely */,
			);
		};
/* End PBXProject section */

/* Begin PBXResourcesBuildPhase section */
		5C2C72F3271D12E100F8B9EC /* Resources */ = {
			isa = PBXResourcesBuildPhase;
			buildActionMask = 2147483647;
			files = (
				5C6CC7E727300E3B00B71DA8 /* Share.storyboard in Resources */,
				5CF36A192732EEB900F6B3BD /* ProfileTableViewHeaderView.xib in Resources */,
				5C91FFCA27379A3F00A216D4 /* loading.json in Resources */,
				5CE8F1D7272F7BD50026864C /* nothingFound.json in Resources */,
				5C2C7305271D12E300F8B9EC /* LaunchScreen.storyboard in Resources */,
				5C7B639C272A854000E18B96 /* FavoriteCardTableViewCell.xib in Resources */,
				5C58210A271D79D4002E21C9 /* ExploreTableViewCell.xib in Resources */,
				5C91FFCE2737B8D500A216D4 /* swipe.json in Resources */,
				5C2846F32729250900393562 /* JournalListCollectionViewCell.xib in Resources */,
				5C2C7325271D3D6400F8B9EC /* Journal.storyboard in Resources */,
				5C2846ED2728F4E500393562 /* JournalListTableViewCell.xib in Resources */,
				5CA65BF8271D69A600B877FB /* GoogleService-Info.plist in Resources */,
				5CE8F1D5272F79210026864C /* ball.json in Resources */,
				5C4B968F271FA795008B21C7 /* BaseDetailTableViewHeader.xib in Resources */,
				5C2C7302271D12E300F8B9EC /* Assets.xcassets in Resources */,
				5C150F732737FE510093A59C /* empty.json in Resources */,
				5C19204C27369705008B9F0D /* SettingsTableViewCell.xib in Resources */,
				5C5186C8273233E4007C5221 /* Auth.storyboard in Resources */,
				5C2C7323271D3D5C00F8B9EC /* Write.storyboard in Resources */,
				5C4B9695271FBCCF008B21C7 /* BaseDetailCommentCell.xib in Resources */,
				5C2C7321271D3D5500F8B9EC /* Explore.storyboard in Resources */,
				5CF36A172732C3E400F6B3BD /* ProfileTableViewCell.xib in Resources */,
				5C2C731F271D3D4B00F8B9EC /* Swipe.storyboard in Resources */,
				5C2C7327271D3D6E00F8B9EC /* Profile.storyboard in Resources */,
				5C2C7300271D12E100F8B9EC /* Main.storyboard in Resources */,
			);
			runOnlyForDeploymentPostprocessing = 0;
		};
/* End PBXResourcesBuildPhase section */

/* Begin PBXShellScriptBuildPhase section */
		1A9109046A626146A71F1803 /* [CP] Check Pods Manifest.lock */ = {
			isa = PBXShellScriptBuildPhase;
			buildActionMask = 2147483647;
			files = (
			);
			inputFileListPaths = (
			);
			inputPaths = (
				"${PODS_PODFILE_DIR_PATH}/Podfile.lock",
				"${PODS_ROOT}/Manifest.lock",
			);
			name = "[CP] Check Pods Manifest.lock";
			outputFileListPaths = (
			);
			outputPaths = (
				"$(DERIVED_FILE_DIR)/Pods-Quotely-checkManifestLockResult.txt",
			);
			runOnlyForDeploymentPostprocessing = 0;
			shellPath = /bin/sh;
			shellScript = "diff \"${PODS_PODFILE_DIR_PATH}/Podfile.lock\" \"${PODS_ROOT}/Manifest.lock\" > /dev/null\nif [ $? != 0 ] ; then\n    # print error to STDERR\n    echo \"error: The sandbox is not in sync with the Podfile.lock. Run 'pod install' or update your CocoaPods installation.\" >&2\n    exit 1\nfi\n# This output is used by Xcode 'outputs' to avoid re-running this script phase.\necho \"SUCCESS\" > \"${SCRIPT_OUTPUT_FILE_0}\"\n";
			showEnvVarsInLog = 0;
		};
		5C2C730D271D16AF00F8B9EC /* ShellScript */ = {
			isa = PBXShellScriptBuildPhase;
			buildActionMask = 2147483647;
			files = (
			);
			inputFileListPaths = (
			);
			inputPaths = (
			);
			outputFileListPaths = (
			);
			outputPaths = (
			);
			runOnlyForDeploymentPostprocessing = 0;
			shellPath = /bin/sh;
			shellScript = "\"${PODS_ROOT}/SwiftLint/swiftlint\"\n";
		};
		CF8FDF50BC0AEDD1ED86B0E5 /* [CP] Embed Pods Frameworks */ = {
			isa = PBXShellScriptBuildPhase;
			buildActionMask = 2147483647;
			files = (
			);
			inputFileListPaths = (
				"${PODS_ROOT}/Target Support Files/Pods-Quotely/Pods-Quotely-frameworks-${CONFIGURATION}-input-files.xcfilelist",
			);
			name = "[CP] Embed Pods Frameworks";
			outputFileListPaths = (
				"${PODS_ROOT}/Target Support Files/Pods-Quotely/Pods-Quotely-frameworks-${CONFIGURATION}-output-files.xcfilelist",
			);
			runOnlyForDeploymentPostprocessing = 0;
			shellPath = /bin/sh;
			shellScript = "\"${PODS_ROOT}/Target Support Files/Pods-Quotely/Pods-Quotely-frameworks.sh\"\n";
			showEnvVarsInLog = 0;
		};
/* End PBXShellScriptBuildPhase section */

/* Begin PBXSourcesBuildPhase section */
		5C2C72F1271D12E100F8B9EC /* Sources */ = {
			isa = PBXSourcesBuildPhase;
			buildActionMask = 2147483647;
			files = (
				5C4B9691271FBBA3008B21C7 /* UIColor+Extension.swift in Sources */,
				5C8C0EA32725AD480054480A /* CardCommentManager.swift in Sources */,
				5C4B968D271FA78C008B21C7 /* BaseDetailTableViewHeader.swift in Sources */,
				5C5BD852272BD6BA008D5FEC /* BaseImagePickerViewController.swift in Sources */,
				5C2C731D271D37DD00F8B9EC /* UIImage+Extension.swift in Sources */,
				5C2846F927297D0200393562 /* Animation.swift in Sources */,
				5C8C0E9C272529650054480A /* Card.swift in Sources */,
				5C7B6395272A798700E18B96 /* UserManager.swift in Sources */,
				5C2846E427280EA600393562 /* JournalManager.swift in Sources */,
				5C582103271D71CC002E21C9 /* Date+Extension.swift in Sources */,
				5C8C0E8F2724261F0054480A /* UIViewController+Extension.swift in Sources */,
				5C4B969B271FDCA4008B21C7 /* JGProgressHUD.swift in Sources */,
				5CE8F1D3272F77950026864C /* ProfileViewController.swift in Sources */,
				5CD76601271F06B5008E8D00 /* BaseDetailViewController.swift in Sources */,
				5C8C0E8D272425980054480A /* SwipeViewController.swift in Sources */,
				5C4B969F27216007008B21C7 /* ImageButton.swift in Sources */,
				5C2846F52729251500393562 /* JournalListCollectionViewCell.swift in Sources */,
				5C2846F12729248B00393562 /* UICollectionView+Extension.swift in Sources */,
				5C19204A27369591008B9F0D /* SettingsViewController.swift in Sources */,
				5CD765FF271F069E008E8D00 /* PostDetailViewController.swift in Sources */,
				5C2846E627280EE000393562 /* Journal.swift in Sources */,
				5CA65BF3271D46DD00B877FB /* UIView+Extension.swift in Sources */,
				5C4B9693271FBCC1008B21C7 /* BaseDetailCommentCell.swift in Sources */,
				5CD1FAD52732793600F87B98 /* UIScreen+Extension.swift in Sources */,
				5C91FFC82737986700A216D4 /* LottieAnimation.swift in Sources */,
				5C8C0EA12725A4B40054480A /* CardDetailViewController.swift in Sources */,
				5C2846EF2728F4F500393562 /* JournalListTableViewCell.swift in Sources */,
				5C2C72F9271D12E100F8B9EC /* AppDelegate.swift in Sources */,
				5CC40AE6272E965A00DF51D9 /* BaseNavigaitonController.swift in Sources */,
				5C8A04B62722911800289431 /* SceneDelegate.swift in Sources */,
				5C582108271D79C9002E21C9 /* ExploreTableViewCell.swift in Sources */,
				5C54F4D82732338500E62DBF /* AuthViewController.swift in Sources */,
				5C7B639A272A84F000E18B96 /* FavoriteCardTableViewCell.swift in Sources */,
				5CC40AE4272E94C300DF51D9 /* UINavigationItem+Extension.swift in Sources */,
				5C4B9697271FBF4C008B21C7 /* PostCommentManager.swift in Sources */,
				5C2846E02727EEB400393562 /* ContentTextView.swift in Sources */,
				5CD765FD271ECE33008E8D00 /* Kingfisher.swift in Sources */,
				5C4B969D2721575B008B21C7 /* CommentTextField.swift in Sources */,
				5C8C0E9A2725293E0054480A /* CardManager.swift in Sources */,
				5C2C7316271D19AD00F8B9EC /* WriteViewController.swift in Sources */,
				5C7CE5FE2732F444005D0D18 /* ProfileTableViewHeaderView.swift in Sources */,
				5CD765FA271EAE24008E8D00 /* ImageManager.swift in Sources */,
				5C4B9699271FC0D3008B21C7 /* Comment.swift in Sources */,
				5C2C7319271D1C6200F8B9EC /* UIStoryboard+Extension.swift in Sources */,
				5C2846FB2729B2FA00393562 /* FavoriteCardViewController.swift in Sources */,
				5CF54D592730EF4100BAE9F6 /* ShareTemplateView.swift in Sources */,
				5C91FFCC2737B78A00A216D4 /* UIApplication+Extension.swift in Sources */,
				5C6CC7E527300D1A00B71DA8 /* ShareViewController.swift in Sources */,
				5C58210C271D8F7D002E21C9 /* UITableView+Extension.swift in Sources */,
				5C2846EA2728ED2C00393562 /* JournalListViewController.swift in Sources */,
				5CF36A142732C3B000F6B3BD /* ProfileTableViewCell.swift in Sources */,
				5C582105271D791B002E21C9 /* ExploreViewController.swift in Sources */,
				5CD1FAD72732840F00F87B98 /* SignInManager.swift in Sources */,
				5CC04ACB2727A38B00EC0D71 /* JournalViewController.swift in Sources */,
				5C582110271E8997002E21C9 /* VerticalButton.swift in Sources */,
				5CBB57712727AE6E0035EB87 /* SelectionView.swift in Sources */,
				5C7B6397272A799000E18B96 /* User.swift in Sources */,
				5C9A15C7272280FD00A13CC7 /* DeleteButton.swift in Sources */,
				5C5820FF271D6D80002E21C9 /* PostManager.swift in Sources */,
				5C582101271D6FBE002E21C9 /* Post.swift in Sources */,
				5C2846E22727F0B200393562 /* UITextView+Extension.swift in Sources */,
				5C19204E27369710008B9F0D /* SettingsTableViewCell.swift in Sources */,
				5C8C0E9827246EB50054480A /* SwipeCardStack.swift in Sources */,
				5CD9DDF0272D3394009618FA /* RowButton.swift in Sources */,
				5C2C731B271D1DB200F8B9EC /* TabBarViewController.swift in Sources */,
				5C8C0E92272426550054480A /* SwipeCardView.swift in Sources */,
			);
			runOnlyForDeploymentPostprocessing = 0;
		};
/* End PBXSourcesBuildPhase section */

/* Begin PBXVariantGroup section */
		5C2C72FE271D12E100F8B9EC /* Main.storyboard */ = {
			isa = PBXVariantGroup;
			children = (
				5C2C72FF271D12E100F8B9EC /* Base */,
			);
			name = Main.storyboard;
			sourceTree = "<group>";
		};
		5C2C7303271D12E300F8B9EC /* LaunchScreen.storyboard */ = {
			isa = PBXVariantGroup;
			children = (
				5C2C7304271D12E300F8B9EC /* Base */,
			);
			name = LaunchScreen.storyboard;
			sourceTree = "<group>";
		};
/* End PBXVariantGroup section */

/* Begin XCBuildConfiguration section */
		5C2C7307271D12E300F8B9EC /* Debug */ = {
			isa = XCBuildConfiguration;
			buildSettings = {
				ALWAYS_SEARCH_USER_PATHS = NO;
				CLANG_ANALYZER_NONNULL = YES;
				CLANG_ANALYZER_NUMBER_OBJECT_CONVERSION = YES_AGGRESSIVE;
				CLANG_CXX_LANGUAGE_STANDARD = "gnu++17";
				CLANG_CXX_LIBRARY = "libc++";
				CLANG_ENABLE_MODULES = YES;
				CLANG_ENABLE_OBJC_ARC = YES;
				CLANG_ENABLE_OBJC_WEAK = YES;
				CLANG_WARN_BLOCK_CAPTURE_AUTORELEASING = YES;
				CLANG_WARN_BOOL_CONVERSION = YES;
				CLANG_WARN_COMMA = YES;
				CLANG_WARN_CONSTANT_CONVERSION = YES;
				CLANG_WARN_DEPRECATED_OBJC_IMPLEMENTATIONS = YES;
				CLANG_WARN_DIRECT_OBJC_ISA_USAGE = YES_ERROR;
				CLANG_WARN_DOCUMENTATION_COMMENTS = YES;
				CLANG_WARN_EMPTY_BODY = YES;
				CLANG_WARN_ENUM_CONVERSION = YES;
				CLANG_WARN_INFINITE_RECURSION = YES;
				CLANG_WARN_INT_CONVERSION = YES;
				CLANG_WARN_NON_LITERAL_NULL_CONVERSION = YES;
				CLANG_WARN_OBJC_IMPLICIT_RETAIN_SELF = YES;
				CLANG_WARN_OBJC_LITERAL_CONVERSION = YES;
				CLANG_WARN_OBJC_ROOT_CLASS = YES_ERROR;
				CLANG_WARN_QUOTED_INCLUDE_IN_FRAMEWORK_HEADER = YES;
				CLANG_WARN_RANGE_LOOP_ANALYSIS = YES;
				CLANG_WARN_STRICT_PROTOTYPES = YES;
				CLANG_WARN_SUSPICIOUS_MOVE = YES;
				CLANG_WARN_UNGUARDED_AVAILABILITY = YES_AGGRESSIVE;
				CLANG_WARN_UNREACHABLE_CODE = YES;
				CLANG_WARN__DUPLICATE_METHOD_MATCH = YES;
				COPY_PHASE_STRIP = NO;
				DEBUG_INFORMATION_FORMAT = dwarf;
				ENABLE_STRICT_OBJC_MSGSEND = YES;
				ENABLE_TESTABILITY = YES;
				GCC_C_LANGUAGE_STANDARD = gnu11;
				GCC_DYNAMIC_NO_PIC = NO;
				GCC_NO_COMMON_BLOCKS = YES;
				GCC_OPTIMIZATION_LEVEL = 0;
				GCC_PREPROCESSOR_DEFINITIONS = (
					"DEBUG=1",
					"$(inherited)",
				);
				GCC_WARN_64_TO_32_BIT_CONVERSION = YES;
				GCC_WARN_ABOUT_RETURN_TYPE = YES_ERROR;
				GCC_WARN_UNDECLARED_SELECTOR = YES;
				GCC_WARN_UNINITIALIZED_AUTOS = YES_AGGRESSIVE;
				GCC_WARN_UNUSED_FUNCTION = YES;
				GCC_WARN_UNUSED_VARIABLE = YES;
				IPHONEOS_DEPLOYMENT_TARGET = 14.0;
				MTL_ENABLE_DEBUG_INFO = INCLUDE_SOURCE;
				MTL_FAST_MATH = YES;
				ONLY_ACTIVE_ARCH = YES;
				SDKROOT = iphoneos;
				SWIFT_ACTIVE_COMPILATION_CONDITIONS = DEBUG;
				SWIFT_OPTIMIZATION_LEVEL = "-Onone";
			};
			name = Debug;
		};
		5C2C7308271D12E300F8B9EC /* Release */ = {
			isa = XCBuildConfiguration;
			buildSettings = {
				ALWAYS_SEARCH_USER_PATHS = NO;
				CLANG_ANALYZER_NONNULL = YES;
				CLANG_ANALYZER_NUMBER_OBJECT_CONVERSION = YES_AGGRESSIVE;
				CLANG_CXX_LANGUAGE_STANDARD = "gnu++17";
				CLANG_CXX_LIBRARY = "libc++";
				CLANG_ENABLE_MODULES = YES;
				CLANG_ENABLE_OBJC_ARC = YES;
				CLANG_ENABLE_OBJC_WEAK = YES;
				CLANG_WARN_BLOCK_CAPTURE_AUTORELEASING = YES;
				CLANG_WARN_BOOL_CONVERSION = YES;
				CLANG_WARN_COMMA = YES;
				CLANG_WARN_CONSTANT_CONVERSION = YES;
				CLANG_WARN_DEPRECATED_OBJC_IMPLEMENTATIONS = YES;
				CLANG_WARN_DIRECT_OBJC_ISA_USAGE = YES_ERROR;
				CLANG_WARN_DOCUMENTATION_COMMENTS = YES;
				CLANG_WARN_EMPTY_BODY = YES;
				CLANG_WARN_ENUM_CONVERSION = YES;
				CLANG_WARN_INFINITE_RECURSION = YES;
				CLANG_WARN_INT_CONVERSION = YES;
				CLANG_WARN_NON_LITERAL_NULL_CONVERSION = YES;
				CLANG_WARN_OBJC_IMPLICIT_RETAIN_SELF = YES;
				CLANG_WARN_OBJC_LITERAL_CONVERSION = YES;
				CLANG_WARN_OBJC_ROOT_CLASS = YES_ERROR;
				CLANG_WARN_QUOTED_INCLUDE_IN_FRAMEWORK_HEADER = YES;
				CLANG_WARN_RANGE_LOOP_ANALYSIS = YES;
				CLANG_WARN_STRICT_PROTOTYPES = YES;
				CLANG_WARN_SUSPICIOUS_MOVE = YES;
				CLANG_WARN_UNGUARDED_AVAILABILITY = YES_AGGRESSIVE;
				CLANG_WARN_UNREACHABLE_CODE = YES;
				CLANG_WARN__DUPLICATE_METHOD_MATCH = YES;
				COPY_PHASE_STRIP = NO;
				DEBUG_INFORMATION_FORMAT = "dwarf-with-dsym";
				ENABLE_NS_ASSERTIONS = NO;
				ENABLE_STRICT_OBJC_MSGSEND = YES;
				GCC_C_LANGUAGE_STANDARD = gnu11;
				GCC_NO_COMMON_BLOCKS = YES;
				GCC_WARN_64_TO_32_BIT_CONVERSION = YES;
				GCC_WARN_ABOUT_RETURN_TYPE = YES_ERROR;
				GCC_WARN_UNDECLARED_SELECTOR = YES;
				GCC_WARN_UNINITIALIZED_AUTOS = YES_AGGRESSIVE;
				GCC_WARN_UNUSED_FUNCTION = YES;
				GCC_WARN_UNUSED_VARIABLE = YES;
				IPHONEOS_DEPLOYMENT_TARGET = 14.0;
				MTL_ENABLE_DEBUG_INFO = NO;
				MTL_FAST_MATH = YES;
				SDKROOT = iphoneos;
				SWIFT_COMPILATION_MODE = wholemodule;
				SWIFT_OPTIMIZATION_LEVEL = "-O";
				VALIDATE_PRODUCT = YES;
			};
			name = Release;
		};
		5C2C730A271D12E300F8B9EC /* Debug */ = {
			isa = XCBuildConfiguration;
			baseConfigurationReference = 3763E90984B855FC8226C461 /* Pods-Quotely.debug.xcconfig */;
			buildSettings = {
				ASSETCATALOG_COMPILER_APPICON_NAME = AppIcon;
				ASSETCATALOG_COMPILER_GLOBAL_ACCENT_COLOR_NAME = AccentColor;
				CODE_SIGN_ENTITLEMENTS = Quotely/Quotely.entitlements;
				CODE_SIGN_STYLE = Automatic;
				CURRENT_PROJECT_VERSION = 1;
				DEVELOPMENT_TEAM = D68W2FWD7S;
				"EXCLUDED_ARCHS[sdk=iphonesimulator*]" = arm64;
				GENERATE_INFOPLIST_FILE = YES;
				INFOPLIST_FILE = Quotely/Info.plist;
				INFOPLIST_KEY_NSCameraUsageDescription = "請允許訪問以便拍照。";
				INFOPLIST_KEY_NSPhotoLibraryUsageDescription = "請允許訪問以便選取照片。";
				INFOPLIST_KEY_UIApplicationSupportsIndirectInputEvents = YES;
				INFOPLIST_KEY_UILaunchStoryboardName = LaunchScreen;
				INFOPLIST_KEY_UIMainStoryboardFile = Main;
				INFOPLIST_KEY_UISupportedInterfaceOrientations_iPad = "UIInterfaceOrientationPortrait UIInterfaceOrientationPortraitUpsideDown UIInterfaceOrientationLandscapeLeft UIInterfaceOrientationLandscapeRight";
				INFOPLIST_KEY_UISupportedInterfaceOrientations_iPhone = "UIInterfaceOrientationPortrait UIInterfaceOrientationLandscapeLeft UIInterfaceOrientationLandscapeRight";
				INFOPLIST_KEY_UIUserInterfaceStyle = Light;
				IPHONEOS_DEPLOYMENT_TARGET = 13.0;
				LD_RUNPATH_SEARCH_PATHS = (
					"$(inherited)",
					"@executable_path/Frameworks",
				);
				MARKETING_VERSION = 0.3.0;
				PRODUCT_BUNDLE_IDENTIFIER = co.morganyu.Quotely;
				PRODUCT_NAME = "$(TARGET_NAME)";
				SWIFT_EMIT_LOC_STRINGS = YES;
				SWIFT_VERSION = 5.0;
				TARGETED_DEVICE_FAMILY = "1,2";
			};
			name = Debug;
		};
		5C2C730B271D12E300F8B9EC /* Release */ = {
			isa = XCBuildConfiguration;
			baseConfigurationReference = 4D42660FC57C60DE17A5B7D4 /* Pods-Quotely.release.xcconfig */;
			buildSettings = {
				ASSETCATALOG_COMPILER_APPICON_NAME = AppIcon;
				ASSETCATALOG_COMPILER_GLOBAL_ACCENT_COLOR_NAME = AccentColor;
				CODE_SIGN_ENTITLEMENTS = Quotely/Quotely.entitlements;
				CODE_SIGN_STYLE = Automatic;
				CURRENT_PROJECT_VERSION = 1;
				DEVELOPMENT_TEAM = D68W2FWD7S;
				GENERATE_INFOPLIST_FILE = YES;
				INFOPLIST_FILE = Quotely/Info.plist;
				INFOPLIST_KEY_NSCameraUsageDescription = "請允許訪問以便拍照。";
				INFOPLIST_KEY_NSPhotoLibraryUsageDescription = "請允許訪問以便選取照片。";
				INFOPLIST_KEY_UIApplicationSupportsIndirectInputEvents = YES;
				INFOPLIST_KEY_UILaunchStoryboardName = LaunchScreen;
				INFOPLIST_KEY_UIMainStoryboardFile = Main;
				INFOPLIST_KEY_UISupportedInterfaceOrientations_iPad = "UIInterfaceOrientationPortrait UIInterfaceOrientationPortraitUpsideDown UIInterfaceOrientationLandscapeLeft UIInterfaceOrientationLandscapeRight";
				INFOPLIST_KEY_UISupportedInterfaceOrientations_iPhone = "UIInterfaceOrientationPortrait UIInterfaceOrientationLandscapeLeft UIInterfaceOrientationLandscapeRight";
				INFOPLIST_KEY_UIUserInterfaceStyle = Light;
				IPHONEOS_DEPLOYMENT_TARGET = 13.0;
				LD_RUNPATH_SEARCH_PATHS = (
					"$(inherited)",
					"@executable_path/Frameworks",
				);
				MARKETING_VERSION = 0.3.0;
				PRODUCT_BUNDLE_IDENTIFIER = co.morganyu.Quotely;
				PRODUCT_NAME = "$(TARGET_NAME)";
				SWIFT_EMIT_LOC_STRINGS = YES;
				SWIFT_VERSION = 5.0;
				TARGETED_DEVICE_FAMILY = "1,2";
			};
			name = Release;
		};
/* End XCBuildConfiguration section */

/* Begin XCConfigurationList section */
		5C2C72F0271D12E100F8B9EC /* Build configuration list for PBXProject "Quotely" */ = {
			isa = XCConfigurationList;
			buildConfigurations = (
				5C2C7307271D12E300F8B9EC /* Debug */,
				5C2C7308271D12E300F8B9EC /* Release */,
			);
			defaultConfigurationIsVisible = 0;
			defaultConfigurationName = Release;
		};
		5C2C7309271D12E300F8B9EC /* Build configuration list for PBXNativeTarget "Quotely" */ = {
			isa = XCConfigurationList;
			buildConfigurations = (
				5C2C730A271D12E300F8B9EC /* Debug */,
				5C2C730B271D12E300F8B9EC /* Release */,
			);
			defaultConfigurationIsVisible = 0;
			defaultConfigurationName = Release;
		};
/* End XCConfigurationList section */
	};
	rootObject = 5C2C72ED271D12E100F8B9EC /* Project object */;
}
